{
  "name": "interface AI",
  "lockfileVersion": 3,
  "requires": true,
  "packages": {
    "": {
      "dependencies": {
        "three-vrm": "^0.0.17"
      }
    },
    "node_modules/three": {
      "version": "0.103.0",
      "resolved": "https://registry.npmjs.org/three/-/three-0.103.0.tgz",
      "integrity": "sha512-4WKRHTMt96sp+lX+Hx/eHtN9CWFyejDqr1ikgxZUJIkKEHVglSE7FY8n81NC6yWXqVSjUIQQppaxsoUe26Zi9g==",
      "license": "MIT",
      "peer": true
    },
    "node_modules/three-vrm": {
      "version": "0.0.17",
      "resolved": "https://registry.npmjs.org/three-vrm/-/three-vrm-0.0.17.tgz",
      "integrity": "sha512-LVtCQeHkoqjTrKnncC8RNi1pYFxIEo5jXlQOPcPJKkgNlYVvr2cm6bX2Hw/zNI06VCpzugN4c1ADKhIAnhA7Bw==",
      "deprecated": "Package no longer supported. Use @pixiv/three-vrm instead.",
      "license": "MIT",
      "peerDependencies": {
        "three": "^0.103.0"
      }
    }
  }
}
